
Microsoft Visual Studio Solution File, Format Version 12.00
# Visual Studio 14
VisualStudioVersion = 14.0.24720.0
MinimumVisualStudioVersion = 10.0.40219.1
Project("{FAE04EC0-301F-11D3-BF4B-00C04F79EFBC}") = "Task01", "Task01\Task01.csproj", "{6DEA5362-DFD9-4876-9F0F-D2EBE34F02F3}"
EndProject
Project("{FAE04EC0-301F-11D3-BF4B-00C04F79EFBC}") = "Task02", "Task02\Task02.csproj", "{3CCAD0DD-4F01-4681-A7C4-32D9CA0B87C5}"
EndProject
Global
	GlobalSection(SolutionConfigurationPlatforms) = preSolution
		Debug|Any CPU = Debug|Any CPU
		Release|Any CPU = Release|Any CPU
	EndGlobalSection
	GlobalSection(ProjectConfigurationPlatforms) = postSolution
		{6DEA5362-DFD9-4876-9F0F-D2EBE34F02F3}.Debug|Any CPU.ActiveCfg = Debug|Any CPU
		{6DEA5362-DFD9-4876-9F0F-D2EBE34F02F3}.Debug|Any CPU.Build.0 = Debug|Any CPU
		{6DEA5362-DFD9-4876-9F0F-D2EBE34F02F3}.Release|Any CPU.ActiveCfg = Release|Any CPU
		{6DEA5362-DFD9-4876-9F0F-D2EBE34F02F3}.Release|Any CPU.Build.0 = Release|Any CPU
		{3CCAD0DD-4F01-4681-A7C4-32D9CA0B87C5}.Debug|Any CPU.ActiveCfg = Debug|Any CPU
		{3CCAD0DD-4F01-4681-A7C4-32D9CA0B87C5}.Debug|Any CPU.Build.0 = Debug|Any CPU
		{3CCAD0DD-4F01-4681-A7C4-32D9CA0B87C5}.Release|Any CPU.ActiveCfg = Release|Any CPU
		{3CCAD0DD-4F01-4681-A7C4-32D9CA0B87C5}.Release|Any CPU.Build.0 = Release|Any CPU
	EndGlobalSection
	GlobalSection(SolutionProperties) = preSolution
		HideSolutionNode = FALSE
	EndGlobalSection
EndGlobal
