
Microsoft Visual Studio Solution File, Format Version 12.00
# Visual Studio 14
VisualStudioVersion = 14.0.24720.0
MinimumVisualStudioVersion = 10.0.40219.1
Project("{2150E333-8FDC-42A3-9474-1A3956D46DE8}") = "Entities", "Entities", "{E0794D90-A3E4-4D66-A431-204EA4A44362}"
EndProject
Project("{FAE04EC0-301F-11D3-BF4B-00C04F79EFBC}") = "Entities", "Entities\Entities.csproj", "{C86530B6-BD81-4230-91AA-512413AB3B5D}"
EndProject
Project("{2150E333-8FDC-42A3-9474-1A3956D46DE8}") = "DAL", "DAL", "{B35016B1-3638-4A4A-A334-88B55C1642BF}"
EndProject
Project("{FAE04EC0-301F-11D3-BF4B-00C04F79EFBC}") = "Dal", "Dal\Dal.csproj", "{FD71541C-23D7-49D0-816A-D3EA121710A0}"
EndProject
Global
	GlobalSection(SolutionConfigurationPlatforms) = preSolution
		Debug|Any CPU = Debug|Any CPU
		Release|Any CPU = Release|Any CPU
	EndGlobalSection
	GlobalSection(ProjectConfigurationPlatforms) = postSolution
		{C86530B6-BD81-4230-91AA-512413AB3B5D}.Debug|Any CPU.ActiveCfg = Debug|Any CPU
		{C86530B6-BD81-4230-91AA-512413AB3B5D}.Debug|Any CPU.Build.0 = Debug|Any CPU
		{C86530B6-BD81-4230-91AA-512413AB3B5D}.Release|Any CPU.ActiveCfg = Release|Any CPU
		{C86530B6-BD81-4230-91AA-512413AB3B5D}.Release|Any CPU.Build.0 = Release|Any CPU
		{FD71541C-23D7-49D0-816A-D3EA121710A0}.Debug|Any CPU.ActiveCfg = Debug|Any CPU
		{FD71541C-23D7-49D0-816A-D3EA121710A0}.Debug|Any CPU.Build.0 = Debug|Any CPU
		{FD71541C-23D7-49D0-816A-D3EA121710A0}.Release|Any CPU.ActiveCfg = Release|Any CPU
		{FD71541C-23D7-49D0-816A-D3EA121710A0}.Release|Any CPU.Build.0 = Release|Any CPU
	EndGlobalSection
	GlobalSection(SolutionProperties) = preSolution
		HideSolutionNode = FALSE
	EndGlobalSection
	GlobalSection(NestedProjects) = preSolution
		{C86530B6-BD81-4230-91AA-512413AB3B5D} = {E0794D90-A3E4-4D66-A431-204EA4A44362}
		{FD71541C-23D7-49D0-816A-D3EA121710A0} = {B35016B1-3638-4A4A-A334-88B55C1642BF}
	EndGlobalSection
EndGlobal
